
Microsoft Visual Studio Solution File, Format Version 12.00
# Visual Studio Version 17
VisualStudioVersion = 17.12.35521.163 d17.12
MinimumVisualStudioVersion = 10.0.40219.1
Project("{FAE04EC0-301F-11D3-BF4B-00C04F79EFBC}") = "BMSApi", "BMSApi.csproj", "{7BA6BCA6-D9BB-4E70-A8DB-98093C4E78C2}"
EndProject
Project("{FAE04EC0-301F-11D3-BF4B-00C04F79EFBC}") = "BMSMvc", "..\BMSMvc\BMSMvc.csproj", "{BA4DCF02-F739-4D37-A0D1-FA5FAC7748A1}"
EndProject
Global
	GlobalSection(SolutionConfigurationPlatforms) = preSolution
		Debug|Any CPU = Debug|Any CPU
		Release|Any CPU = Release|Any CPU
	EndGlobalSection
	GlobalSection(ProjectConfigurationPlatforms) = postSolution
		{7BA6BCA6-D9BB-4E70-A8DB-98093C4E78C2}.Debug|Any CPU.ActiveCfg = Debug|Any CPU
		{7BA6BCA6-D9BB-4E70-A8DB-98093C4E78C2}.Debug|Any CPU.Build.0 = Debug|Any CPU
		{7BA6BCA6-D9BB-4E70-A8DB-98093C4E78C2}.Release|Any CPU.ActiveCfg = Release|Any CPU
		{7BA6BCA6-D9BB-4E70-A8DB-98093C4E78C2}.Release|Any CPU.Build.0 = Release|Any CPU
		{BA4DCF02-F739-4D37-A0D1-FA5FAC7748A1}.Debug|Any CPU.ActiveCfg = Debug|Any CPU
		{BA4DCF02-F739-4D37-A0D1-FA5FAC7748A1}.Debug|Any CPU.Build.0 = Debug|Any CPU
		{BA4DCF02-F739-4D37-A0D1-FA5FAC7748A1}.Release|Any CPU.ActiveCfg = Release|Any CPU
		{BA4DCF02-F739-4D37-A0D1-FA5FAC7748A1}.Release|Any CPU.Build.0 = Release|Any CPU
	EndGlobalSection
	GlobalSection(SolutionProperties) = preSolution
		HideSolutionNode = FALSE
	EndGlobalSection
EndGlobal
